
Microsoft Visual Studio Solution File, Format Version 12.00
# Visual Studio Version 16
VisualStudioVersion = 16.0.29503.13
MinimumVisualStudioVersion = 10.0.40219.1
Project("{FAE04EC0-301F-11D3-BF4B-00C04F79EFBC}") = "RAWG.Net", "RAWG.Net\RAWG.Net.csproj", "{535269A9-ED80-44C0-A2F2-7EA98F37ED53}"
EndProject
Project("{FAE04EC0-301F-11D3-BF4B-00C04F79EFBC}") = "Test", "Test\Test.csproj", "{40F20D5D-1BA7-4BA5-AA1D-21BF66E7127E}"
EndProject
Global
	GlobalSection(SolutionConfigurationPlatforms) = preSolution
		Debug|Any CPU = Debug|Any CPU
		Release|Any CPU = Release|Any CPU
	EndGlobalSection
	GlobalSection(ProjectConfigurationPlatforms) = postSolution
		{535269A9-ED80-44C0-A2F2-7EA98F37ED53}.Debug|Any CPU.ActiveCfg = Debug|Any CPU
		{535269A9-ED80-44C0-A2F2-7EA98F37ED53}.Debug|Any CPU.Build.0 = Debug|Any CPU
		{535269A9-ED80-44C0-A2F2-7EA98F37ED53}.Release|Any CPU.ActiveCfg = Release|Any CPU
		{535269A9-ED80-44C0-A2F2-7EA98F37ED53}.Release|Any CPU.Build.0 = Release|Any CPU
		{40F20D5D-1BA7-4BA5-AA1D-21BF66E7127E}.Debug|Any CPU.ActiveCfg = Debug|Any CPU
		{40F20D5D-1BA7-4BA5-AA1D-21BF66E7127E}.Debug|Any CPU.Build.0 = Debug|Any CPU
		{40F20D5D-1BA7-4BA5-AA1D-21BF66E7127E}.Release|Any CPU.ActiveCfg = Release|Any CPU
		{40F20D5D-1BA7-4BA5-AA1D-21BF66E7127E}.Release|Any CPU.Build.0 = Release|Any CPU
	EndGlobalSection
	GlobalSection(SolutionProperties) = preSolution
		HideSolutionNode = FALSE
	EndGlobalSection
	GlobalSection(ExtensibilityGlobals) = postSolution
		SolutionGuid = {E78C1514-2DF2-4D93-B8E6-25FFE9C95D7B}
	EndGlobalSection
EndGlobal
